# THIS IS AN AUTOGENERATED FILE. DO NOT EDIT THIS FILE DIRECTLY.
# yarn lockfile v1


"@esbuild/darwin-arm64@0.17.19":
  version "0.17.19"
  resolved "https://registry.npmjs.org/@esbuild/darwin-arm64/-/darwin-arm64-0.17.19.tgz"
  integrity sha512-80wEoCfF/hFKM6WE1FyBHc9SfUblloAWx6FJkFWTWiCoht9Mc0ARGEM47e67W9rI09YoUxJL68WHfDRYEAvOhg==

"@hotwired/stimulus@^3.2.1":
  version "3.2.1"
  resolved "https://registry.npmjs.org/@hotwired/stimulus/-/stimulus-3.2.1.tgz"
  integrity sha512-HGlzDcf9vv/EQrMJ5ZG6VWNs8Z/xMN+1o2OhV1gKiSG6CqZt5MCBB1gRg5ILiN3U0jEAxuDTNPRfBcnZBDmupQ==

"@hotwired/turbo-rails@^7.3.0":
  version "7.3.0"
  resolved "https://registry.npmjs.org/@hotwired/turbo-rails/-/turbo-rails-7.3.0.tgz"
  integrity sha512-fvhO64vp/a2UVQ3jue9WTc2JisMv9XilIC7ViZmXAREVwiQ2S4UC7Go8f9A1j4Xu7DBI6SbFdqILk5ImqVoqyA==
  dependencies:
    "@hotwired/turbo" "^7.3.0"
    "@rails/actioncable" "^7.0"

"@hotwired/turbo@^7.3.0":
  version "7.3.0"
  resolved "https://registry.npmjs.org/@hotwired/turbo/-/turbo-7.3.0.tgz"
  integrity sha512-Dcu+NaSvHLT7EjrDrkEmH4qET2ZJZ5IcCWmNXxNQTBwlnE5tBZfN6WxZ842n5cHV52DH/AKNirbPBtcEXDLW4g==

"@popperjs/core@^2.11.6", "@popperjs/core@^2.11.7":
  version "2.11.7"
  resolved "https://registry.npmjs.org/@popperjs/core/-/core-2.11.7.tgz"
  integrity sha512-Cr4OjIkipTtcXKjAsm8agyleBuDHvxzeBoa1v543lbv1YaIwQjESsVcmjiWiPEbC1FIeHOG/Op9kdCmAmiS3Kw==

"@rails/actioncable@^7.0", "@rails/actioncable@^7.0.4":
  version "7.0.4"
  resolved "https://registry.npmjs.org/@rails/actioncable/-/actioncable-7.0.4.tgz"
  integrity sha512-tz4oM+Zn9CYsvtyicsa/AwzKZKL+ITHWkhiu7x+xF77clh2b4Rm+s6xnOgY/sGDWoFWZmtKsE95hxBPkgQQNnQ==

"@rails/activestorage@^7.0.4":
  version "7.0.4"
  resolved "https://registry.npmjs.org/@rails/activestorage/-/activestorage-7.0.4.tgz"
  integrity sha512-K2fV9C0z88fapu58nt9uHzMylsmJWUFuaIFvuZQEf1WTiPMsgTsj1bf8+cD81zXfTXYMZDQNRq4164JmuBKD3A==
  dependencies:
    spark-md5 "^3.0.1"

bootstrap@^5.2.3:
  version "5.2.3"
  resolved "https://registry.npmjs.org/bootstrap/-/bootstrap-5.2.3.tgz"
  integrity sha512-cEKPM+fwb3cT8NzQZYEu4HilJ3anCrWqh3CHAok1p9jXqMPsPTBhU25fBckEJHJ/p+tTxTFTsFQGM+gaHpi3QQ==

clipboard@^2.0.11:
  version "2.0.11"
  resolved "https://registry.npmjs.org/clipboard/-/clipboard-2.0.11.tgz"
  integrity sha512-C+0bbOqkezLIsmWSvlsXS0Q0bmkugu7jcfMIACB+RDEntIzQIkdr148we28AfSloQLRdZlYL/QYyrq05j/3Faw==
  dependencies:
    good-listener "^1.2.2"
    select "^1.1.2"
    tiny-emitter "^2.0.0"

delegate@^3.1.2:
  version "3.2.0"
  resolved "https://registry.npmjs.org/delegate/-/delegate-3.2.0.tgz"
  integrity sha512-IofjkYBZaZivn0V8nnsMJGBr4jVLxHDheKSW88PyxS5QC4Vo9ZbZVvhzlSxY87fVq3STR6r+4cGepyHkcWOQSw==

esbuild@^0.17.19:
  version "0.17.19"
  resolved "https://registry.npmjs.org/esbuild/-/esbuild-0.17.19.tgz"
  integrity sha512-XQ0jAPFkK/u3LcVRcvVHQcTIqD6E2H1fvZMA5dQPSOWb3suUbWbfbRf94pjc0bNzRYLfIrDRQXr7X+LHIm5oHw==
  optionalDependencies:
    "@esbuild/android-arm" "0.17.19"
    "@esbuild/android-arm64" "0.17.19"
    "@esbuild/android-x64" "0.17.19"
    "@esbuild/darwin-arm64" "0.17.19"
    "@esbuild/darwin-x64" "0.17.19"
    "@esbuild/freebsd-arm64" "0.17.19"
    "@esbuild/freebsd-x64" "0.17.19"
    "@esbuild/linux-arm" "0.17.19"
    "@esbuild/linux-arm64" "0.17.19"
    "@esbuild/linux-ia32" "0.17.19"
    "@esbuild/linux-loong64" "0.17.19"
    "@esbuild/linux-mips64el" "0.17.19"
    "@esbuild/linux-ppc64" "0.17.19"
    "@esbuild/linux-riscv64" "0.17.19"
    "@esbuild/linux-s390x" "0.17.19"
    "@esbuild/linux-x64" "0.17.19"
    "@esbuild/netbsd-x64" "0.17.19"
    "@esbuild/openbsd-x64" "0.17.19"
    "@esbuild/sunos-x64" "0.17.19"
    "@esbuild/win32-arm64" "0.17.19"
    "@esbuild/win32-ia32" "0.17.19"
    "@esbuild/win32-x64" "0.17.19"

good-listener@^1.2.2:
  version "1.2.2"
  resolved "https://registry.npmjs.org/good-listener/-/good-listener-1.2.2.tgz"
  integrity sha512-goW1b+d9q/HIwbVYZzZ6SsTr4IgE+WA44A0GmPIQstuOrgsFcT7VEJ48nmr9GaRtNu0XTKacFLGnBPAM6Afouw==
  dependencies:
    delegate "^3.1.2"

js-cookie@^3.0.4:
  version "3.0.5"
  resolved "https://registry.npmjs.org/js-cookie/-/js-cookie-3.0.5.tgz"
  integrity sha512-cEiJEAEoIbWfCZYKWhVwFuvPX1gETRYPw6LlaTKoxD3s2AkXzkCjnp6h0V77ozyqj0jakteJ4YqDJT830+lVGw==

omgopass@^3.2.1:
  version "3.2.1"
  resolved "https://registry.npmjs.org/omgopass/-/omgopass-3.2.1.tgz"
  integrity sha512-Q0QqwwL3ag1Pyjhx6vfieaz73pHNLa3v59qhRcTCUINmJOwdcLu0kNKncBSF2ylnzrqmZw9VRgOEdAwvCSxffA==

select@^1.1.2:
  version "1.1.2"
  resolved "https://registry.npmjs.org/select/-/select-1.1.2.tgz"
  integrity sha512-OwpTSOfy6xSs1+pwcNrv0RBMOzI39Lp3qQKUTPVVPRjCdNa5JH/oPRiqsesIskK8TVgmRiHwO4KXlV2Li9dANA==

spark-md5@^3.0.1:
  version "3.0.2"
  resolved "https://registry.npmjs.org/spark-md5/-/spark-md5-3.0.2.tgz"
  integrity sha512-wcFzz9cDfbuqe0FZzfi2or1sgyIrsDwmPwfZC4hiNidPdPINjeUwNfv5kldczoEAcjl9Y1L3SM7Uz2PUEQzxQw==

spoiler-alert@^0.1.0:
  version "0.1.0"
  resolved "https://registry.npmjs.org/spoiler-alert/-/spoiler-alert-0.1.0.tgz"
  integrity sha512-6O8BeGMgDmJnEn7prua9tx3kslsokzNZGCAKWxdx7vPVfLSUZFiFKLTfgYUWmJhovNXvqF2rpz+cqTgmKOYAMA==

tiny-emitter@^2.0.0:
  version "2.1.0"
  resolved "https://registry.npmjs.org/tiny-emitter/-/tiny-emitter-2.1.0.tgz"
  integrity sha512-NB6Dk1A9xgQPMoGqC5CVXn123gWyte215ONT5Pp5a0yt4nlEoO1ZWeCwpncaekPHXO60i47ihFnZPiRPjRMq4Q==
